Microsoft Visual Studio Solution File, Format Version 7.00
Project("{FAE04EC0-301F-11D3-BF4B-00C04F79EFBC}") = "Geotools", "Geotools\Geotools.csproj", "{E5D68F1B-8AF2-49E2-AD93-457FCC548E77}"
EndProject
Project("{FAE04EC0-301F-11D3-BF4B-00C04F79EFBC}") = "Geotools.UnitTests", "Geotools.UnitTests\Geotools.UnitTests.csproj", "{29893648-C10B-40EB-BA62-5A0BDC3F4205}"
EndProject
Global
	GlobalSection(SolutionConfiguration) = preSolution
		ConfigName.0 = Debug
		ConfigName.1 = Release
	EndGlobalSection
	GlobalSection(ProjectDependencies) = postSolution
	EndGlobalSection
	GlobalSection(ProjectConfiguration) = postSolution
		{E5D68F1B-8AF2-49E2-AD93-457FCC548E77}.Debug.ActiveCfg = Debug|.NET
		{E5D68F1B-8AF2-49E2-AD93-457FCC548E77}.Debug.Build.0 = Debug|.NET
		{E5D68F1B-8AF2-49E2-AD93-457FCC548E77}.Release.ActiveCfg = Release|.NET
		{E5D68F1B-8AF2-49E2-AD93-457FCC548E77}.Release.Build.0 = Release|.NET
		{29893648-C10B-40EB-BA62-5A0BDC3F4205}.Debug.ActiveCfg = Debug|.NET
		{29893648-C10B-40EB-BA62-5A0BDC3F4205}.Debug.Build.0 = Debug|.NET
		{29893648-C10B-40EB-BA62-5A0BDC3F4205}.Release.ActiveCfg = Release|.NET
		{29893648-C10B-40EB-BA62-5A0BDC3F4205}.Release.Build.0 = Release|.NET
	EndGlobalSection
	GlobalSection(ExtensibilityGlobals) = postSolution
	EndGlobalSection
	GlobalSection(ExtensibilityAddIns) = postSolution
	EndGlobalSection
EndGlobal
